// !$*UTF8*$!
{
	archiveVersion = 1;
	classes = {
	};
	objectVersion = 56;
	objects = {

/* Begin PBXBuildFile section */
		31B798422A09F6EB008C2B6C /* PersonalInfoViewController.swift in Sources */ = {isa = PBXBuildFile; fileRef = 31B798412A09F6EB008C2B6C /* PersonalInfoViewController.swift */; };
		5A5164FE2A023AB200F3941E /* AppDelegate.swift in Sources */ = {isa = PBXBuildFile; fileRef = 5A5164FD2A023AB200F3941E /* AppDelegate.swift */; };
		5A5165002A023AB200F3941E /* SceneDelegate.swift in Sources */ = {isa = PBXBuildFile; fileRef = 5A5164FF2A023AB200F3941E /* SceneDelegate.swift */; };
		5A5165022A023AB200F3941E /* ViewController.swift in Sources */ = {isa = PBXBuildFile; fileRef = 5A5165012A023AB200F3941E /* ViewController.swift */; };
		5A5165052A023AB200F3941E /* Main.storyboard in Resources */ = {isa = PBXBuildFile; fileRef = 5A5165032A023AB200F3941E /* Main.storyboard */; };
		5A5165082A023AB200F3941E /* HealthBooking.xcdatamodeld in Sources */ = {isa = PBXBuildFile; fileRef = 5A5165062A023AB200F3941E /* HealthBooking.xcdatamodeld */; };
		5A51650A2A023AB300F3941E /* Assets.xcassets in Resources */ = {isa = PBXBuildFile; fileRef = 5A5165092A023AB300F3941E /* Assets.xcassets */; };
		5A51650D2A023AB300F3941E /* LaunchScreen.storyboard in Resources */ = {isa = PBXBuildFile; fileRef = 5A51650B2A023AB300F3941E /* LaunchScreen.storyboard */; };
		5A5165182A023AB300F3941E /* HealthBookingTests.swift in Sources */ = {isa = PBXBuildFile; fileRef = 5A5165172A023AB300F3941E /* HealthBookingTests.swift */; };
		5A5165222A023AB300F3941E /* HealthBookingUITests.swift in Sources */ = {isa = PBXBuildFile; fileRef = 5A5165212A023AB300F3941E /* HealthBookingUITests.swift */; };
		5A5165242A023AB300F3941E /* HealthBookingUITestsLaunchTests.swift in Sources */ = {isa = PBXBuildFile; fileRef = 5A5165232A023AB300F3941E /* HealthBookingUITestsLaunchTests.swift */; };
/* End PBXBuildFile section */

/* Begin PBXContainerItemProxy section */
		5A5165142A023AB300F3941E /* PBXContainerItemProxy */ = {
			isa = PBXContainerItemProxy;
			containerPortal = 5A5164F22A023AB200F3941E /* Project object */;
			proxyType = 1;
			remoteGlobalIDString = 5A5164F92A023AB200F3941E;
			remoteInfo = HealthBooking;
		};
		5A51651E2A023AB300F3941E /* PBXContainerItemProxy */ = {
			isa = PBXContainerItemProxy;
			containerPortal = 5A5164F22A023AB200F3941E /* Project object */;
			proxyType = 1;
			remoteGlobalIDString = 5A5164F92A023AB200F3941E;
			remoteInfo = HealthBooking;
		};
/* End PBXContainerItemProxy section */

/* Begin PBXFileReference section */
		31B798412A09F6EB008C2B6C /* PersonalInfoViewController.swift */ = {isa = PBXFileReference; lastKnownFileType = sourcecode.swift; name = PersonalInfoViewController.swift; path = ../../../../../../Desktop/ios/PersonalInfoViewController.swift; sourceTree = "<group>"; };
		5A5164FA2A023AB200F3941E /* HealthBooking.app */ = {isa = PBXFileReference; explicitFileType = wrapper.application; includeInIndex = 0; path = HealthBooking.app; sourceTree = BUILT_PRODUCTS_DIR; };
		5A5164FD2A023AB200F3941E /* AppDelegate.swift */ = {isa = PBXFileReference; lastKnownFileType = sourcecode.swift; path = AppDelegate.swift; sourceTree = "<group>"; };
		5A5164FF2A023AB200F3941E /* SceneDelegate.swift */ = {isa = PBXFileReference; lastKnownFileType = sourcecode.swift; path = SceneDelegate.swift; sourceTree = "<group>"; };
		5A5165012A023AB200F3941E /* ViewController.swift */ = {isa = PBXFileReference; lastKnownFileType = sourcecode.swift; path = ViewController.swift; sourceTree = "<group>"; };
		5A5165042A023AB200F3941E /* Base */ = {isa = PBXFileReference; lastKnownFileType = file.storyboard; name = Base; path = Base.lproj/Main.storyboard; sourceTree = "<group>"; };
		5A5165072A023AB200F3941E /* HealthBooking.xcdatamodel */ = {isa = PBXFileReference; lastKnownFileType = wrapper.xcdatamodel; path = HealthBooking.xcdatamodel; sourceTree = "<group>"; };
		5A5165092A023AB300F3941E /* Assets.xcassets */ = {isa = PBXFileReference; lastKnownFileType = folder.assetcatalog; path = Assets.xcassets; sourceTree = "<group>"; };
		5A51650C2A023AB300F3941E /* Base */ = {isa = PBXFileReference; lastKnownFileType = file.storyboard; name = Base; path = Base.lproj/LaunchScreen.storyboard; sourceTree = "<group>"; };
		5A51650E2A023AB300F3941E /* Info.plist */ = {isa = PBXFileReference; lastKnownFileType = text.plist.xml; path = Info.plist; sourceTree = "<group>"; };
		5A5165132A023AB300F3941E /* HealthBookingTests.xctest */ = {isa = PBXFileReference; explicitFileType = wrapper.cfbundle; includeInIndex = 0; path = HealthBookingTests.xctest; sourceTree = BUILT_PRODUCTS_DIR; };
		5A5165172A023AB300F3941E /* HealthBookingTests.swift */ = {isa = PBXFileReference; lastKnownFileType = sourcecode.swift; path = HealthBookingTests.swift; sourceTree = "<group>"; };
		5A51651D2A023AB300F3941E /* HealthBookingUITests.xctest */ = {isa = PBXFileReference; explicitFileType = wrapper.cfbundle; includeInIndex = 0; path = HealthBookingUITests.xctest; sourceTree = BUILT_PRODUCTS_DIR; };
		5A5165212A023AB300F3941E /* HealthBookingUITests.swift */ = {isa = PBXFileReference; lastKnownFileType = sourcecode.swift; path = HealthBookingUITests.swift; sourceTree = "<group>"; };
		5A5165232A023AB300F3941E /* HealthBookingUITestsLaunchTests.swift */ = {isa = PBXFileReference; lastKnownFileType = sourcecode.swift; path = HealthBookingUITestsLaunchTests.swift; sourceTree = "<group>"; };
/* End PBXFileReference section */

/* Begin PBXFrameworksBuildPhase section */
		5A5164F72A023AB200F3941E /* Frameworks */ = {
			isa = PBXFrameworksBuildPhase;
			buildActionMask = 2147483647;
			files = (
			);
			runOnlyForDeploymentPostprocessing = 0;
		};
		5A5165102A023AB300F3941E /* Frameworks */ = {
			isa = PBXFrameworksBuildPhase;
			buildActionMask = 2147483647;
			files = (
			);
			runOnlyForDeploymentPostprocessing = 0;
		};
		5A51651A2A023AB300F3941E /* Frameworks */ = {
			isa = PBXFrameworksBuildPhase;
			buildActionMask = 2147483647;
			files = (
			);
			runOnlyForDeploymentPostprocessing = 0;
		};
/* End PBXFrameworksBuildPhase section */

/* Begin PBXGroup section */
		5A5164F12A023AB200F3941E = {
			isa = PBXGroup;
			children = (
				5A5164FC2A023AB200F3941E /* HealthBooking */,
				5A5165162A023AB300F3941E /* HealthBookingTests */,
				5A5165202A023AB300F3941E /* HealthBookingUITests */,
				5A5164FB2A023AB200F3941E /* Products */,
			);
			sourceTree = "<group>";
		};
		5A5164FB2A023AB200F3941E /* Products */ = {
			isa = PBXGroup;
			children = (
				5A5164FA2A023AB200F3941E /* HealthBooking.app */,
				5A5165132A023AB300F3941E /* HealthBookingTests.xctest */,
				5A51651D2A023AB300F3941E /* HealthBookingUITests.xctest */,
			);
			name = Products;
			sourceTree = "<group>";
		};
		5A5164FC2A023AB200F3941E /* HealthBooking */ = {
			isa = PBXGroup;
			children = (
				69BBAC762A09F16C00632E4B /* Module */,
				69BBAC742A09F15000632E4B /* View */,
				5A51650E2A023AB300F3941E /* Info.plist */,
				5A5165062A023AB200F3941E /* HealthBooking.xcdatamodeld */,
				69BBAC752A09F16200632E4B /* Controller */,
			);
			path = HealthBooking;
			sourceTree = "<group>";
		};
		5A5165162A023AB300F3941E /* HealthBookingTests */ = {
			isa = PBXGroup;
			children = (
				5A5165172A023AB300F3941E /* HealthBookingTests.swift */,
			);
			path = HealthBookingTests;
			sourceTree = "<group>";
		};
		5A5165202A023AB300F3941E /* HealthBookingUITests */ = {
			isa = PBXGroup;
			children = (
				5A5165212A023AB300F3941E /* HealthBookingUITests.swift */,
				5A5165232A023AB300F3941E /* HealthBookingUITestsLaunchTests.swift */,
			);
			path = HealthBookingUITests;
			sourceTree = "<group>";
		};
		69BBAC742A09F15000632E4B /* View */ = {
			isa = PBXGroup;
			children = (
				5A5164FD2A023AB200F3941E /* AppDelegate.swift */,
				5A5164FF2A023AB200F3941E /* SceneDelegate.swift */,
				5A5165032A023AB200F3941E /* Main.storyboard */,
				5A5165092A023AB300F3941E /* Assets.xcassets */,
				5A51650B2A023AB300F3941E /* LaunchScreen.storyboard */,
			);
			path = View;
			sourceTree = "<group>";
		};
		69BBAC752A09F16200632E4B /* Controller */ = {
			isa = PBXGroup;
			children = (
				31B798412A09F6EB008C2B6C /* PersonalInfoViewController.swift */,
			);
			path = Controller;
			sourceTree = "<group>";
		};
		69BBAC762A09F16C00632E4B /* Module */ = {
			isa = PBXGroup;
			children = (
				5A5165012A023AB200F3941E /* ViewController.swift */,
			);
			path = Module;
			sourceTree = "<group>";
		};
/* End PBXGroup section */

/* Begin PBXNativeTarget section */
		5A5164F92A023AB200F3941E /* HealthBooking */ = {
			isa = PBXNativeTarget;
			buildConfigurationList = 5A5165272A023AB300F3941E /* Build configuration list for PBXNativeTarget "HealthBooking" */;
			buildPhases = (
				5A5164F62A023AB200F3941E /* Sources */,
				5A5164F72A023AB200F3941E /* Frameworks */,
				5A5164F82A023AB200F3941E /* Resources */,
			);
			buildRules = (
			);
			dependencies = (
			);
			name = HealthBooking;
			productName = HealthBooking;
			productReference = 5A5164FA2A023AB200F3941E /* HealthBooking.app */;
			productType = "com.apple.product-type.application";
		};
		5A5165122A023AB300F3941E /* HealthBookingTests */ = {
			isa = PBXNativeTarget;
			buildConfigurationList = 5A51652A2A023AB300F3941E /* Build configuration list for PBXNativeTarget "HealthBookingTests" */;
			buildPhases = (
				5A51650F2A023AB300F3941E /* Sources */,
				5A5165102A023AB300F3941E /* Frameworks */,
				5A5165112A023AB300F3941E /* Resources */,
			);
			buildRules = (
			);
			dependencies = (
				5A5165152A023AB300F3941E /* PBXTargetDependency */,
			);
			name = HealthBookingTests;
			productName = HealthBookingTests;
			productReference = 5A5165132A023AB300F3941E /* HealthBookingTests.xctest */;
			productType = "com.apple.product-type.bundle.unit-test";
		};
		5A51651C2A023AB300F3941E /* HealthBookingUITests */ = {
			isa = PBXNativeTarget;
			buildConfigurationList = 5A51652D2A023AB300F3941E /* Build configuration list for PBXNativeTarget "HealthBookingUITests" */;
			buildPhases = (
				5A5165192A023AB300F3941E /* Sources */,
				5A51651A2A023AB300F3941E /* Frameworks */,
				5A51651B2A023AB300F3941E /* Resources */,
			);
			buildRules = (
			);
			dependencies = (
				5A51651F2A023AB300F3941E /* PBXTargetDependency */,
			);
			name = HealthBookingUITests;
			productName = HealthBookingUITests;
			productReference = 5A51651D2A023AB300F3941E /* HealthBookingUITests.xctest */;
			productType = "com.apple.product-type.bundle.ui-testing";
		};
/* End PBXNativeTarget section */

/* Begin PBXProject section */
		5A5164F22A023AB200F3941E /* Project object */ = {
			isa = PBXProject;
			attributes = {
				BuildIndependentTargetsInParallel = 1;
				LastSwiftUpdateCheck = 1420;
				LastUpgradeCheck = 1420;
				TargetAttributes = {
					5A5164F92A023AB200F3941E = {
						CreatedOnToolsVersion = 14.2;
					};
					5A5165122A023AB300F3941E = {
						CreatedOnToolsVersion = 14.2;
						TestTargetID = 5A5164F92A023AB200F3941E;
					};
					5A51651C2A023AB300F3941E = {
						CreatedOnToolsVersion = 14.2;
						TestTargetID = 5A5164F92A023AB200F3941E;
					};
				};
			};
			buildConfigurationList = 5A5164F52A023AB200F3941E /* Build configuration list for PBXProject "HealthBooking" */;
			compatibilityVersion = "Xcode 14.0";
			developmentRegion = en;
			hasScannedForEncodings = 0;
			knownRegions = (
				en,
				Base,
			);
			mainGroup = 5A5164F12A023AB200F3941E;
			productRefGroup = 5A5164FB2A023AB200F3941E /* Products */;
			projectDirPath = "";
			projectRoot = "";
			targets = (
				5A5164F92A023AB200F3941E /* HealthBooking */,
				5A5165122A023AB300F3941E /* HealthBookingTests */,
				5A51651C2A023AB300F3941E /* HealthBookingUITests */,
			);
		};
/* End PBXProject section */

/* Begin PBXResourcesBuildPhase section */
		5A5164F82A023AB200F3941E /* Resources */ = {
			isa = PBXResourcesBuildPhase;
			buildActionMask = 2147483647;
			files = (
				5A51650D2A023AB300F3941E /* LaunchScreen.storyboard in Resources */,
				5A51650A2A023AB300F3941E /* Assets.xcassets in Resources */,
				5A5165052A023AB200F3941E /* Main.storyboard in Resources */,
			);
			runOnlyForDeploymentPostprocessing = 0;
		};
		5A5165112A023AB300F3941E /* Resources */ = {
			isa = PBXResourcesBuildPhase;
			buildActionMask = 2147483647;
			files = (
			);
			runOnlyForDeploymentPostprocessing = 0;
		};
		5A51651B2A023AB300F3941E /* Resources */ = {
			isa = PBXResourcesBuildPhase;
			buildActionMask = 2147483647;
			files = (
			);
			runOnlyForDeploymentPostprocessing = 0;
		};
/* End PBXResourcesBuildPhase section */

/* Begin PBXSourcesBuildPhase section */
		5A5164F62A023AB200F3941E /* Sources */ = {
			isa = PBXSourcesBuildPhase;
			buildActionMask = 2147483647;
			files = (
				5A5165022A023AB200F3941E /* ViewController.swift in Sources */,
				5A5165082A023AB200F3941E /* HealthBooking.xcdatamodeld in Sources */,
				31B798422A09F6EB008C2B6C /* PersonalInfoViewController.swift in Sources */,
				5A5164FE2A023AB200F3941E /* AppDelegate.swift in Sources */,
				5A5165002A023AB200F3941E /* SceneDelegate.swift in Sources */,
			);
			runOnlyForDeploymentPostprocessing = 0;
		};
		5A51650F2A023AB300F3941E /* Sources */ = {
			isa = PBXSourcesBuildPhase;
			buildActionMask = 2147483647;
			files = (
				5A5165182A023AB300F3941E /* HealthBookingTests.swift in Sources */,
			);
			runOnlyForDeploymentPostprocessing = 0;
		};
		5A5165192A023AB300F3941E /* Sources */ = {
			isa = PBXSourcesBuildPhase;
			buildActionMask = 2147483647;
			files = (
				5A5165242A023AB300F3941E /* HealthBookingUITestsLaunchTests.swift in Sources */,
				5A5165222A023AB300F3941E /* HealthBookingUITests.swift in Sources */,
			);
			runOnlyForDeploymentPostprocessing = 0;
		};
/* End PBXSourcesBuildPhase section */

/* Begin PBXTargetDependency section */
		5A5165152A023AB300F3941E /* PBXTargetDependency */ = {
			isa = PBXTargetDependency;
			target = 5A5164F92A023AB200F3941E /* HealthBooking */;
			targetProxy = 5A5165142A023AB300F3941E /* PBXContainerItemProxy */;
		};
		5A51651F2A023AB300F3941E /* PBXTargetDependency */ = {
			isa = PBXTargetDependency;
			target = 5A5164F92A023AB200F3941E /* HealthBooking */;
			targetProxy = 5A51651E2A023AB300F3941E /* PBXContainerItemProxy */;
		};
/* End PBXTargetDependency section */

/* Begin PBXVariantGroup section */
		5A5165032A023AB200F3941E /* Main.storyboard */ = {
			isa = PBXVariantGroup;
			children = (
				5A5165042A023AB200F3941E /* Base */,
			);
			name = Main.storyboard;
			sourceTree = "<group>";
		};
		5A51650B2A023AB300F3941E /* LaunchScreen.storyboard */ = {
			isa = PBXVariantGroup;
			children = (
				5A51650C2A023AB300F3941E /* Base */,
			);
			name = LaunchScreen.storyboard;
			sourceTree = "<group>";
		};
/* End PBXVariantGroup section */

/* Begin XCBuildConfiguration section */
		5A5165252A023AB300F3941E /* Debug */ = {
			isa = XCBuildConfiguration;
			buildSettings = {
				ALWAYS_SEARCH_USER_PATHS = NO;
				CLANG_ANALYZER_NONNULL = YES;
				CLANG_ANALYZER_NUMBER_OBJECT_CONVERSION = YES_AGGRESSIVE;
				CLANG_CXX_LANGUAGE_STANDARD = "gnu++20";
				CLANG_ENABLE_MODULES = YES;
				CLANG_ENABLE_OBJC_ARC = YES;
				CLANG_ENABLE_OBJC_WEAK = YES;
				CLANG_WARN_BLOCK_CAPTURE_AUTORELEASING = YES;
				CLANG_WARN_BOOL_CONVERSION = YES;
				CLANG_WARN_COMMA = YES;
				CLANG_WARN_CONSTANT_CONVERSION = YES;
				CLANG_WARN_DEPRECATED_OBJC_IMPLEMENTATIONS = YES;
				CLANG_WARN_DIRECT_OBJC_ISA_USAGE = YES_ERROR;
				CLANG_WARN_DOCUMENTATION_COMMENTS = YES;
				CLANG_WARN_EMPTY_BODY = YES;
				CLANG_WARN_ENUM_CONVERSION = YES;
				CLANG_WARN_INFINITE_RECURSION = YES;
				CLANG_WARN_INT_CONVERSION = YES;
				CLANG_WARN_NON_LITERAL_NULL_CONVERSION = YES;
				CLANG_WARN_OBJC_IMPLICIT_RETAIN_SELF = YES;
				CLANG_WARN_OBJC_LITERAL_CONVERSION = YES;
				CLANG_WARN_OBJC_ROOT_CLASS = YES_ERROR;
				CLANG_WARN_QUOTED_INCLUDE_IN_FRAMEWORK_HEADER = YES;
				CLANG_WARN_RANGE_LOOP_ANALYSIS = YES;
				CLANG_WARN_STRICT_PROTOTYPES = YES;
				CLANG_WARN_SUSPICIOUS_MOVE = YES;
				CLANG_WARN_UNGUARDED_AVAILABILITY = YES_AGGRESSIVE;
				CLANG_WARN_UNREACHABLE_CODE = YES;
				CLANG_WARN__DUPLICATE_METHOD_MATCH = YES;
				COPY_PHASE_STRIP = NO;
				DEBUG_INFORMATION_FORMAT = dwarf;
				ENABLE_STRICT_OBJC_MSGSEND = YES;
				ENABLE_TESTABILITY = YES;
				GCC_C_LANGUAGE_STANDARD = gnu11;
				GCC_DYNAMIC_NO_PIC = NO;
				GCC_NO_COMMON_BLOCKS = YES;
				GCC_OPTIMIZATION_LEVEL = 0;
				GCC_PREPROCESSOR_DEFINITIONS = (
					"DEBUG=1",
					"$(inherited)",
				);
				GCC_WARN_64_TO_32_BIT_CONVERSION = YES;
				GCC_WARN_ABOUT_RETURN_TYPE = YES_ERROR;
				GCC_WARN_UNDECLARED_SELECTOR = YES;
				GCC_WARN_UNINITIALIZED_AUTOS = YES_AGGRESSIVE;
				GCC_WARN_UNUSED_FUNCTION = YES;
				GCC_WARN_UNUSED_VARIABLE = YES;
				IPHONEOS_DEPLOYMENT_TARGET = 16.2;
				MTL_ENABLE_DEBUG_INFO = INCLUDE_SOURCE;
				MTL_FAST_MATH = YES;
				ONLY_ACTIVE_ARCH = YES;
				SDKROOT = iphoneos;
				SWIFT_ACTIVE_COMPILATION_CONDITIONS = DEBUG;
				SWIFT_OPTIMIZATION_LEVEL = "-Onone";
			};
			name = Debug;
		};
		5A5165262A023AB300F3941E /* Release */ = {
			isa = XCBuildConfiguration;
			buildSettings = {
				ALWAYS_SEARCH_USER_PATHS = NO;
				CLANG_ANALYZER_NONNULL = YES;
				CLANG_ANALYZER_NUMBER_OBJECT_CONVERSION = YES_AGGRESSIVE;
				CLANG_CXX_LANGUAGE_STANDARD = "gnu++20";
				CLANG_ENABLE_MODULES = YES;
				CLANG_ENABLE_OBJC_ARC = YES;
				CLANG_ENABLE_OBJC_WEAK = YES;
				CLANG_WARN_BLOCK_CAPTURE_AUTORELEASING = YES;
				CLANG_WARN_BOOL_CONVERSION = YES;
				CLANG_WARN_COMMA = YES;
				CLANG_WARN_CONSTANT_CONVERSION = YES;
				CLANG_WARN_DEPRECATED_OBJC_IMPLEMENTATIONS = YES;
				CLANG_WARN_DIRECT_OBJC_ISA_USAGE = YES_ERROR;
				CLANG_WARN_DOCUMENTATION_COMMENTS = YES;
				CLANG_WARN_EMPTY_BODY = YES;
				CLANG_WARN_ENUM_CONVERSION = YES;
				CLANG_WARN_INFINITE_RECURSION = YES;
				CLANG_WARN_INT_CONVERSION = YES;
				CLANG_WARN_NON_LITERAL_NULL_CONVERSION = YES;
				CLANG_WARN_OBJC_IMPLICIT_RETAIN_SELF = YES;
				CLANG_WARN_OBJC_LITERAL_CONVERSION = YES;
				CLANG_WARN_OBJC_ROOT_CLASS = YES_ERROR;
				CLANG_WARN_QUOTED_INCLUDE_IN_FRAMEWORK_HEADER = YES;
				CLANG_WARN_RANGE_LOOP_ANALYSIS = YES;
				CLANG_WARN_STRICT_PROTOTYPES = YES;
				CLANG_WARN_SUSPICIOUS_MOVE = YES;
				CLANG_WARN_UNGUARDED_AVAILABILITY = YES_AGGRESSIVE;
				CLANG_WARN_UNREACHABLE_CODE = YES;
				CLANG_WARN__DUPLICATE_METHOD_MATCH = YES;
				COPY_PHASE_STRIP = NO;
				DEBUG_INFORMATION_FORMAT = "dwarf-with-dsym";
				ENABLE_NS_ASSERTIONS = NO;
				ENABLE_STRICT_OBJC_MSGSEND = YES;
				GCC_C_LANGUAGE_STANDARD = gnu11;
				GCC_NO_COMMON_BLOCKS = YES;
				GCC_WARN_64_TO_32_BIT_CONVERSION = YES;
				GCC_WARN_ABOUT_RETURN_TYPE = YES_ERROR;
				GCC_WARN_UNDECLARED_SELECTOR = YES;
				GCC_WARN_UNINITIALIZED_AUTOS = YES_AGGRESSIVE;
				GCC_WARN_UNUSED_FUNCTION = YES;
				GCC_WARN_UNUSED_VARIABLE = YES;
				IPHONEOS_DEPLOYMENT_TARGET = 16.2;
				MTL_ENABLE_DEBUG_INFO = NO;
				MTL_FAST_MATH = YES;
				SDKROOT = iphoneos;
				SWIFT_COMPILATION_MODE = wholemodule;
				SWIFT_OPTIMIZATION_LEVEL = "-O";
				VALIDATE_PRODUCT = YES;
			};
			name = Release;
		};
		5A5165282A023AB300F3941E /* Debug */ = {
			isa = XCBuildConfiguration;
			buildSettings = {
				ASSETCATALOG_COMPILER_APPICON_NAME = AppIcon;
				ASSETCATALOG_COMPILER_GLOBAL_ACCENT_COLOR_NAME = AccentColor;
				CODE_SIGN_STYLE = Automatic;
				CURRENT_PROJECT_VERSION = 1;
				GENERATE_INFOPLIST_FILE = YES;
				INFOPLIST_FILE = HealthBooking/Info.plist;
				INFOPLIST_KEY_UIApplicationSupportsIndirectInputEvents = YES;
				INFOPLIST_KEY_UILaunchStoryboardName = LaunchScreen;
				INFOPLIST_KEY_UIMainStoryboardFile = Main;
				INFOPLIST_KEY_UISupportedInterfaceOrientations_iPad = "UIInterfaceOrientationPortrait UIInterfaceOrientationPortraitUpsideDown UIInterfaceOrientationLandscapeLeft UIInterfaceOrientationLandscapeRight";
				INFOPLIST_KEY_UISupportedInterfaceOrientations_iPhone = "UIInterfaceOrientationPortrait UIInterfaceOrientationLandscapeLeft UIInterfaceOrientationLandscapeRight";
				LD_RUNPATH_SEARCH_PATHS = (
					"$(inherited)",
					"@executable_path/Frameworks",
				);
				MARKETING_VERSION = 1.0;
				PRODUCT_BUNDLE_IDENTIFIER = au.edu.uts.HealthBooking;
				PRODUCT_NAME = "$(TARGET_NAME)";
				SWIFT_EMIT_LOC_STRINGS = YES;
				SWIFT_VERSION = 5.0;
				TARGETED_DEVICE_FAMILY = "1,2";
			};
			name = Debug;
		};
		5A5165292A023AB300F3941E /* Release */ = {
			isa = XCBuildConfiguration;
			buildSettings = {
				ASSETCATALOG_COMPILER_APPICON_NAME = AppIcon;
				ASSETCATALOG_COMPILER_GLOBAL_ACCENT_COLOR_NAME = AccentColor;
				CODE_SIGN_STYLE = Automatic;
				CURRENT_PROJECT_VERSION = 1;
				GENERATE_INFOPLIST_FILE = YES;
				INFOPLIST_FILE = HealthBooking/Info.plist;
				INFOPLIST_KEY_UIApplicationSupportsIndirectInputEvents = YES;
				INFOPLIST_KEY_UILaunchStoryboardName = LaunchScreen;
				INFOPLIST_KEY_UIMainStoryboardFile = Main;
				INFOPLIST_KEY_UISupportedInterfaceOrientations_iPad = "UIInterfaceOrientationPortrait UIInterfaceOrientationPortraitUpsideDown UIInterfaceOrientationLandscapeLeft UIInterfaceOrientationLandscapeRight";
				INFOPLIST_KEY_UISupportedInterfaceOrientations_iPhone = "UIInterfaceOrientationPortrait UIInterfaceOrientationLandscapeLeft UIInterfaceOrientationLandscapeRight";
				LD_RUNPATH_SEARCH_PATHS = (
					"$(inherited)",
					"@executable_path/Frameworks",
				);
				MARKETING_VERSION = 1.0;
				PRODUCT_BUNDLE_IDENTIFIER = au.edu.uts.HealthBooking;
				PRODUCT_NAME = "$(TARGET_NAME)";
				SWIFT_EMIT_LOC_STRINGS = YES;
				SWIFT_VERSION = 5.0;
				TARGETED_DEVICE_FAMILY = "1,2";
			};
			name = Release;
		};
		5A51652B2A023AB300F3941E /* Debug */ = {
			isa = XCBuildConfiguration;
			buildSettings = {
				ALWAYS_EMBED_SWIFT_STANDARD_LIBRARIES = YES;
				BUNDLE_LOADER = "$(TEST_HOST)";
				CODE_SIGN_STYLE = Automatic;
				CURRENT_PROJECT_VERSION = 1;
				GENERATE_INFOPLIST_FILE = YES;
				IPHONEOS_DEPLOYMENT_TARGET = 16.2;
				MARKETING_VERSION = 1.0;
				PRODUCT_BUNDLE_IDENTIFIER = au.edu.uts.HealthBookingTests;
				PRODUCT_NAME = "$(TARGET_NAME)";
				SWIFT_EMIT_LOC_STRINGS = NO;
				SWIFT_VERSION = 5.0;
				TARGETED_DEVICE_FAMILY = "1,2";
				TEST_HOST = "$(BUILT_PRODUCTS_DIR)/HealthBooking.app/$(BUNDLE_EXECUTABLE_FOLDER_PATH)/HealthBooking";
			};
			name = Debug;
		};
		5A51652C2A023AB300F3941E /* Release */ = {
			isa = XCBuildConfiguration;
			buildSettings = {
				ALWAYS_EMBED_SWIFT_STANDARD_LIBRARIES = YES;
				BUNDLE_LOADER = "$(TEST_HOST)";
				CODE_SIGN_STYLE = Automatic;
				CURRENT_PROJECT_VERSION = 1;
				GENERATE_INFOPLIST_FILE = YES;
				IPHONEOS_DEPLOYMENT_TARGET = 16.2;
				MARKETING_VERSION = 1.0;
				PRODUCT_BUNDLE_IDENTIFIER = au.edu.uts.HealthBookingTests;
				PRODUCT_NAME = "$(TARGET_NAME)";
				SWIFT_EMIT_LOC_STRINGS = NO;
				SWIFT_VERSION = 5.0;
				TARGETED_DEVICE_FAMILY = "1,2";
				TEST_HOST = "$(BUILT_PRODUCTS_DIR)/HealthBooking.app/$(BUNDLE_EXECUTABLE_FOLDER_PATH)/HealthBooking";
			};
			name = Release;
		};
		5A51652E2A023AB300F3941E /* Debug */ = {
			isa = XCBuildConfiguration;
			buildSettings = {
				ALWAYS_EMBED_SWIFT_STANDARD_LIBRARIES = YES;
				CODE_SIGN_STYLE = Automatic;
				CURRENT_PROJECT_VERSION = 1;
				GENERATE_INFOPLIST_FILE = YES;
				MARKETING_VERSION = 1.0;
				PRODUCT_BUNDLE_IDENTIFIER = au.edu.uts.HealthBookingUITests;
				PRODUCT_NAME = "$(TARGET_NAME)";
				SWIFT_EMIT_LOC_STRINGS = NO;
				SWIFT_VERSION = 5.0;
				TARGETED_DEVICE_FAMILY = "1,2";
				TEST_TARGET_NAME = HealthBooking;
			};
			name = Debug;
		};
		5A51652F2A023AB300F3941E /* Release */ = {
			isa = XCBuildConfiguration;
			buildSettings = {
				ALWAYS_EMBED_SWIFT_STANDARD_LIBRARIES = YES;
				CODE_SIGN_STYLE = Automatic;
				CURRENT_PROJECT_VERSION = 1;
				GENERATE_INFOPLIST_FILE = YES;
				MARKETING_VERSION = 1.0;
				PRODUCT_BUNDLE_IDENTIFIER = au.edu.uts.HealthBookingUITests;
				PRODUCT_NAME = "$(TARGET_NAME)";
				SWIFT_EMIT_LOC_STRINGS = NO;
				SWIFT_VERSION = 5.0;
				TARGETED_DEVICE_FAMILY = "1,2";
				TEST_TARGET_NAME = HealthBooking;
			};
			name = Release;
		};
/* End XCBuildConfiguration section */

/* Begin XCConfigurationList section */
		5A5164F52A023AB200F3941E /* Build configuration list for PBXProject "HealthBooking" */ = {
			isa = XCConfigurationList;
			buildConfigurations = (
				5A5165252A023AB300F3941E /* Debug */,
				5A5165262A023AB300F3941E /* Release */,
			);
			defaultConfigurationIsVisible = 0;
			defaultConfigurationName = Release;
		};
		5A5165272A023AB300F3941E /* Build configuration list for PBXNativeTarget "HealthBooking" */ = {
			isa = XCConfigurationList;
			buildConfigurations = (
				5A5165282A023AB300F3941E /* Debug */,
				5A5165292A023AB300F3941E /* Release */,
			);
			defaultConfigurationIsVisible = 0;
			defaultConfigurationName = Release;
		};
		5A51652A2A023AB300F3941E /* Build configuration list for PBXNativeTarget "HealthBookingTests" */ = {
			isa = XCConfigurationList;
			buildConfigurations = (
				5A51652B2A023AB300F3941E /* Debug */,
				5A51652C2A023AB300F3941E /* Release */,
			);
			defaultConfigurationIsVisible = 0;
			defaultConfigurationName = Release;
		};
		5A51652D2A023AB300F3941E /* Build configuration list for PBXNativeTarget "HealthBookingUITests" */ = {
			isa = XCConfigurationList;
			buildConfigurations = (
				5A51652E2A023AB300F3941E /* Debug */,
				5A51652F2A023AB300F3941E /* Release */,
			);
			defaultConfigurationIsVisible = 0;
			defaultConfigurationName = Release;
		};
/* End XCConfigurationList section */

/* Begin XCVersionGroup section */
		5A5165062A023AB200F3941E /* HealthBooking.xcdatamodeld */ = {
			isa = XCVersionGroup;
			children = (
				5A5165072A023AB200F3941E /* HealthBooking.xcdatamodel */,
			);
			currentVersion = 5A5165072A023AB200F3941E /* HealthBooking.xcdatamodel */;
			path = HealthBooking.xcdatamodeld;
			sourceTree = "<group>";
			versionGroupType = wrapper.xcdatamodel;
		};
/* End XCVersionGroup section */
	};
	rootObject = 5A5164F22A023AB200F3941E /* Project object */;
}
